
Microsoft Visual Studio Solution File, Format Version 12.00
# Visual Studio Version 17
VisualStudioVersion = 17.8.34316.72
MinimumVisualStudioVersion = 10.0.40219.1
Project("{9A19103F-16F7-4668-BE54-9A1E7A4F7556}") = "classes_vs_structs_vs_records", "banchmarks\classes_vs_structs_vs_records\classes_vs_structs_vs_records.csproj", "{BFFBC39E-2522-4569-9BAA-A18B8F48A596}"
EndProject
Global
	GlobalSection(SolutionConfigurationPlatforms) = preSolution
		Debug|Any CPU = Debug|Any CPU
		Release|Any CPU = Release|Any CPU
	EndGlobalSection
	GlobalSection(ProjectConfigurationPlatforms) = postSolution
		{BFFBC39E-2522-4569-9BAA-A18B8F48A596}.Debug|Any CPU.ActiveCfg = Debug|Any CPU
		{BFFBC39E-2522-4569-9BAA-A18B8F48A596}.Debug|Any CPU.Build.0 = Debug|Any CPU
		{BFFBC39E-2522-4569-9BAA-A18B8F48A596}.Release|Any CPU.ActiveCfg = Release|Any CPU
		{BFFBC39E-2522-4569-9BAA-A18B8F48A596}.Release|Any CPU.Build.0 = Release|Any CPU
	EndGlobalSection
	GlobalSection(SolutionProperties) = preSolution
		HideSolutionNode = FALSE
	EndGlobalSection
	GlobalSection(ExtensibilityGlobals) = postSolution
		SolutionGuid = {3940DF7F-8419-425D-B813-02A726398D65}
	EndGlobalSection
EndGlobal
